
Microsoft Visual Studio Solution File, Format Version 12.00
# Visual Studio Version 17
VisualStudioVersion = 17.4.33110.190
MinimumVisualStudioVersion = 10.0.40219.1
Project("{FAE04EC0-301F-11D3-BF4B-00C04F79EFBC}") = "fvm", "fvm\fvm.csproj", "{F712B466-7C36-4565-A37F-210B2B1F4399}"
EndProject
Project("{FAE04EC0-301F-11D3-BF4B-00C04F79EFBC}") = "DeanEverhart", "DeanEverhart\DeanEverhart.csproj", "{29EB7A26-4503-4EDA-81D0-7A91612191C9}"
EndProject
Global
	GlobalSection(SolutionConfigurationPlatforms) = preSolution
		Debug|Any CPU = Debug|Any CPU
		Release|Any CPU = Release|Any CPU
	EndGlobalSection
	GlobalSection(ProjectConfigurationPlatforms) = postSolution
		{F712B466-7C36-4565-A37F-210B2B1F4399}.Debug|Any CPU.ActiveCfg = Debug|Any CPU
		{F712B466-7C36-4565-A37F-210B2B1F4399}.Debug|Any CPU.Build.0 = Debug|Any CPU
		{F712B466-7C36-4565-A37F-210B2B1F4399}.Release|Any CPU.ActiveCfg = Release|Any CPU
		{F712B466-7C36-4565-A37F-210B2B1F4399}.Release|Any CPU.Build.0 = Release|Any CPU
		{29EB7A26-4503-4EDA-81D0-7A91612191C9}.Debug|Any CPU.ActiveCfg = Debug|Any CPU
		{29EB7A26-4503-4EDA-81D0-7A91612191C9}.Debug|Any CPU.Build.0 = Debug|Any CPU
		{29EB7A26-4503-4EDA-81D0-7A91612191C9}.Release|Any CPU.ActiveCfg = Release|Any CPU
		{29EB7A26-4503-4EDA-81D0-7A91612191C9}.Release|Any CPU.Build.0 = Release|Any CPU
	EndGlobalSection
	GlobalSection(SolutionProperties) = preSolution
		HideSolutionNode = FALSE
	EndGlobalSection
	GlobalSection(ExtensibilityGlobals) = postSolution
		SolutionGuid = {88A81818-3F6E-4B4E-8CD8-0C2DBAFD4123}
	EndGlobalSection
EndGlobal
